// !$*UTF8*$!
{
	archiveVersion = 1;
	classes = {
	};
	objectVersion = 56;
	objects = {

/* Begin PBXBuildFile section */
		F07D64B22AB8266A000F1F0B /* AppDelegate.swift in Sources */ = {isa = PBXBuildFile; fileRef = F07D64B12AB8266A000F1F0B /* AppDelegate.swift */; };
		F07D64B42AB8266A000F1F0B /* SceneDelegate.swift in Sources */ = {isa = PBXBuildFile; fileRef = F07D64B32AB8266A000F1F0B /* SceneDelegate.swift */; };
		F07D64B62AB8266A000F1F0B /* ByteCoinViewController.swift in Sources */ = {isa = PBXBuildFile; fileRef = F07D64B52AB8266A000F1F0B /* ByteCoinViewController.swift */; };
		F07D64B92AB8266A000F1F0B /* Main.storyboard in Resources */ = {isa = PBXBuildFile; fileRef = F07D64B72AB8266A000F1F0B /* Main.storyboard */; };
		F07D64BB2AB8266A000F1F0B /* Assets.xcassets in Resources */ = {isa = PBXBuildFile; fileRef = F07D64BA2AB8266A000F1F0B /* Assets.xcassets */; };
		F07D64BE2AB8266A000F1F0B /* LaunchScreen.storyboard in Resources */ = {isa = PBXBuildFile; fileRef = F07D64BC2AB8266A000F1F0B /* LaunchScreen.storyboard */; };
		F0DA32C72AB9779700C74621 /* CoinData.swift in Sources */ = {isa = PBXBuildFile; fileRef = F0DA32C62AB9779700C74621 /* CoinData.swift */; };
		F0DA32C92AB977AE00C74621 /* CoinAPI.swift in Sources */ = {isa = PBXBuildFile; fileRef = F0DA32C82AB977AE00C74621 /* CoinAPI.swift */; };
		F0DA32CC2AB9785C00C74621 /* CoinModel.swift in Sources */ = {isa = PBXBuildFile; fileRef = F0DA32CB2AB9785C00C74621 /* CoinModel.swift */; };
/* End PBXBuildFile section */

/* Begin PBXFileReference section */
		F07D64AE2AB8266A000F1F0B /* Byte Coin.app */ = {isa = PBXFileReference; explicitFileType = wrapper.application; includeInIndex = 0; path = "Byte Coin.app"; sourceTree = BUILT_PRODUCTS_DIR; };
		F07D64B12AB8266A000F1F0B /* AppDelegate.swift */ = {isa = PBXFileReference; lastKnownFileType = sourcecode.swift; path = AppDelegate.swift; sourceTree = "<group>"; };
		F07D64B32AB8266A000F1F0B /* SceneDelegate.swift */ = {isa = PBXFileReference; lastKnownFileType = sourcecode.swift; path = SceneDelegate.swift; sourceTree = "<group>"; };
		F07D64B52AB8266A000F1F0B /* ByteCoinViewController.swift */ = {isa = PBXFileReference; lastKnownFileType = sourcecode.swift; path = ByteCoinViewController.swift; sourceTree = "<group>"; };
		F07D64B82AB8266A000F1F0B /* Base */ = {isa = PBXFileReference; lastKnownFileType = file.storyboard; name = Base; path = Base.lproj/Main.storyboard; sourceTree = "<group>"; };
		F07D64BA2AB8266A000F1F0B /* Assets.xcassets */ = {isa = PBXFileReference; lastKnownFileType = folder.assetcatalog; path = Assets.xcassets; sourceTree = "<group>"; };
		F07D64BD2AB8266A000F1F0B /* Base */ = {isa = PBXFileReference; lastKnownFileType = file.storyboard; name = Base; path = Base.lproj/LaunchScreen.storyboard; sourceTree = "<group>"; };
		F07D64BF2AB8266A000F1F0B /* Info.plist */ = {isa = PBXFileReference; lastKnownFileType = text.plist.xml; path = Info.plist; sourceTree = "<group>"; };
		F0DA32C62AB9779700C74621 /* CoinData.swift */ = {isa = PBXFileReference; lastKnownFileType = sourcecode.swift; path = CoinData.swift; sourceTree = "<group>"; };
		F0DA32C82AB977AE00C74621 /* CoinAPI.swift */ = {isa = PBXFileReference; lastKnownFileType = sourcecode.swift; path = CoinAPI.swift; sourceTree = "<group>"; };
		F0DA32CB2AB9785C00C74621 /* CoinModel.swift */ = {isa = PBXFileReference; lastKnownFileType = sourcecode.swift; path = CoinModel.swift; sourceTree = "<group>"; };
/* End PBXFileReference section */

/* Begin PBXFrameworksBuildPhase section */
		F07D64AB2AB8266A000F1F0B /* Frameworks */ = {
			isa = PBXFrameworksBuildPhase;
			buildActionMask = 2147483647;
			files = (
			);
			runOnlyForDeploymentPostprocessing = 0;
		};
/* End PBXFrameworksBuildPhase section */

/* Begin PBXGroup section */
		F07D64A52AB82669000F1F0B = {
			isa = PBXGroup;
			children = (
				F07D64B02AB8266A000F1F0B /* Byte Coin */,
				F07D64AF2AB8266A000F1F0B /* Products */,
			);
			sourceTree = "<group>";
		};
		F07D64AF2AB8266A000F1F0B /* Products */ = {
			isa = PBXGroup;
			children = (
				F07D64AE2AB8266A000F1F0B /* Byte Coin.app */,
			);
			name = Products;
			sourceTree = "<group>";
		};
		F07D64B02AB8266A000F1F0B /* Byte Coin */ = {
			isa = PBXGroup;
			children = (
				F07D64B12AB8266A000F1F0B /* AppDelegate.swift */,
				F07D64B32AB8266A000F1F0B /* SceneDelegate.swift */,
				F07D64C92AB8350F000F1F0B /* Model */,
				F07D64C52AB834C5000F1F0B /* View */,
				F07D64C62AB834DA000F1F0B /* Controllers */,
				F0DA32CA2AB9780900C74621 /* API */,
				F07D64BA2AB8266A000F1F0B /* Assets.xcassets */,
				F07D64BC2AB8266A000F1F0B /* LaunchScreen.storyboard */,
				F07D64BF2AB8266A000F1F0B /* Info.plist */,
			);
			path = "Byte Coin";
			sourceTree = "<group>";
		};
		F07D64C52AB834C5000F1F0B /* View */ = {
			isa = PBXGroup;
			children = (
				F07D64B72AB8266A000F1F0B /* Main.storyboard */,
			);
			path = View;
			sourceTree = "<group>";
		};
		F07D64C62AB834DA000F1F0B /* Controllers */ = {
			isa = PBXGroup;
			children = (
				F07D64B52AB8266A000F1F0B /* ByteCoinViewController.swift */,
			);
			path = Controllers;
			sourceTree = "<group>";
		};
		F07D64C92AB8350F000F1F0B /* Model */ = {
			isa = PBXGroup;
			children = (
				F0DA32C62AB9779700C74621 /* CoinData.swift */,
				F0DA32CB2AB9785C00C74621 /* CoinModel.swift */,
			);
			path = Model;
			sourceTree = "<group>";
		};
		F0DA32CA2AB9780900C74621 /* API */ = {
			isa = PBXGroup;
			children = (
				F0DA32C82AB977AE00C74621 /* CoinAPI.swift */,
			);
			path = API;
			sourceTree = "<group>";
		};
/* End PBXGroup section */

/* Begin PBXNativeTarget section */
		F07D64AD2AB8266A000F1F0B /* Byte Coin */ = {
			isa = PBXNativeTarget;
			buildConfigurationList = F07D64C22AB8266A000F1F0B /* Build configuration list for PBXNativeTarget "Byte Coin" */;
			buildPhases = (
				F07D64AA2AB8266A000F1F0B /* Sources */,
				F07D64AB2AB8266A000F1F0B /* Frameworks */,
				F07D64AC2AB8266A000F1F0B /* Resources */,
			);
			buildRules = (
			);
			dependencies = (
			);
			name = "Byte Coin";
			productName = "Byte Coin";
			productReference = F07D64AE2AB8266A000F1F0B /* Byte Coin.app */;
			productType = "com.apple.product-type.application";
		};
/* End PBXNativeTarget section */

/* Begin PBXProject section */
		F07D64A62AB82669000F1F0B /* Project object */ = {
			isa = PBXProject;
			attributes = {
				BuildIndependentTargetsInParallel = 1;
				LastSwiftUpdateCheck = 1430;
				LastUpgradeCheck = 1430;
				TargetAttributes = {
					F07D64AD2AB8266A000F1F0B = {
						CreatedOnToolsVersion = 14.3.1;
					};
				};
			};
			buildConfigurationList = F07D64A92AB82669000F1F0B /* Build configuration list for PBXProject "Byte Coin" */;
			compatibilityVersion = "Xcode 14.0";
			developmentRegion = en;
			hasScannedForEncodings = 0;
			knownRegions = (
				en,
				Base,
			);
			mainGroup = F07D64A52AB82669000F1F0B;
			productRefGroup = F07D64AF2AB8266A000F1F0B /* Products */;
			projectDirPath = "";
			projectRoot = "";
			targets = (
				F07D64AD2AB8266A000F1F0B /* Byte Coin */,
			);
		};
/* End PBXProject section */

/* Begin PBXResourcesBuildPhase section */
		F07D64AC2AB8266A000F1F0B /* Resources */ = {
			isa = PBXResourcesBuildPhase;
			buildActionMask = 2147483647;
			files = (
				F07D64BE2AB8266A000F1F0B /* LaunchScreen.storyboard in Resources */,
				F07D64BB2AB8266A000F1F0B /* Assets.xcassets in Resources */,
				F07D64B92AB8266A000F1F0B /* Main.storyboard in Resources */,
			);
			runOnlyForDeploymentPostprocessing = 0;
		};
/* End PBXResourcesBuildPhase section */

/* Begin PBXSourcesBuildPhase section */
		F07D64AA2AB8266A000F1F0B /* Sources */ = {
			isa = PBXSourcesBuildPhase;
			buildActionMask = 2147483647;
			files = (
				F07D64B62AB8266A000F1F0B /* ByteCoinViewController.swift in Sources */,
				F0DA32C72AB9779700C74621 /* CoinData.swift in Sources */,
				F0DA32CC2AB9785C00C74621 /* CoinModel.swift in Sources */,
				F07D64B22AB8266A000F1F0B /* AppDelegate.swift in Sources */,
				F0DA32C92AB977AE00C74621 /* CoinAPI.swift in Sources */,
				F07D64B42AB8266A000F1F0B /* SceneDelegate.swift in Sources */,
			);
			runOnlyForDeploymentPostprocessing = 0;
		};
/* End PBXSourcesBuildPhase section */

/* Begin PBXVariantGroup section */
		F07D64B72AB8266A000F1F0B /* Main.storyboard */ = {
			isa = PBXVariantGroup;
			children = (
				F07D64B82AB8266A000F1F0B /* Base */,
			);
			name = Main.storyboard;
			sourceTree = "<group>";
		};
		F07D64BC2AB8266A000F1F0B /* LaunchScreen.storyboard */ = {
			isa = PBXVariantGroup;
			children = (
				F07D64BD2AB8266A000F1F0B /* Base */,
			);
			name = LaunchScreen.storyboard;
			sourceTree = "<group>";
		};
/* End PBXVariantGroup section */

/* Begin XCBuildConfiguration section */
		F07D64C02AB8266A000F1F0B /* Debug */ = {
			isa = XCBuildConfiguration;
			buildSettings = {
				ALWAYS_SEARCH_USER_PATHS = NO;
				CLANG_ANALYZER_NONNULL = YES;
				CLANG_ANALYZER_NUMBER_OBJECT_CONVERSION = YES_AGGRESSIVE;
				CLANG_CXX_LANGUAGE_STANDARD = "gnu++20";
				CLANG_ENABLE_MODULES = YES;
				CLANG_ENABLE_OBJC_ARC = YES;
				CLANG_ENABLE_OBJC_WEAK = YES;
				CLANG_WARN_BLOCK_CAPTURE_AUTORELEASING = YES;
				CLANG_WARN_BOOL_CONVERSION = YES;
				CLANG_WARN_COMMA = YES;
				CLANG_WARN_CONSTANT_CONVERSION = YES;
				CLANG_WARN_DEPRECATED_OBJC_IMPLEMENTATIONS = YES;
				CLANG_WARN_DIRECT_OBJC_ISA_USAGE = YES_ERROR;
				CLANG_WARN_DOCUMENTATION_COMMENTS = YES;
				CLANG_WARN_EMPTY_BODY = YES;
				CLANG_WARN_ENUM_CONVERSION = YES;
				CLANG_WARN_INFINITE_RECURSION = YES;
				CLANG_WARN_INT_CONVERSION = YES;
				CLANG_WARN_NON_LITERAL_NULL_CONVERSION = YES;
				CLANG_WARN_OBJC_IMPLICIT_RETAIN_SELF = YES;
				CLANG_WARN_OBJC_LITERAL_CONVERSION = YES;
				CLANG_WARN_OBJC_ROOT_CLASS = YES_ERROR;
				CLANG_WARN_QUOTED_INCLUDE_IN_FRAMEWORK_HEADER = YES;
				CLANG_WARN_RANGE_LOOP_ANALYSIS = YES;
				CLANG_WARN_STRICT_PROTOTYPES = YES;
				CLANG_WARN_SUSPICIOUS_MOVE = YES;
				CLANG_WARN_UNGUARDED_AVAILABILITY = YES_AGGRESSIVE;
				CLANG_WARN_UNREACHABLE_CODE = YES;
				CLANG_WARN__DUPLICATE_METHOD_MATCH = YES;
				COPY_PHASE_STRIP = NO;
				DEBUG_INFORMATION_FORMAT = dwarf;
				ENABLE_STRICT_OBJC_MSGSEND = YES;
				ENABLE_TESTABILITY = YES;
				GCC_C_LANGUAGE_STANDARD = gnu11;
				GCC_DYNAMIC_NO_PIC = NO;
				GCC_NO_COMMON_BLOCKS = YES;
				GCC_OPTIMIZATION_LEVEL = 0;
				GCC_PREPROCESSOR_DEFINITIONS = (
					"DEBUG=1",
					"$(inherited)",
				);
				GCC_WARN_64_TO_32_BIT_CONVERSION = YES;
				GCC_WARN_ABOUT_RETURN_TYPE = YES_ERROR;
				GCC_WARN_UNDECLARED_SELECTOR = YES;
				GCC_WARN_UNINITIALIZED_AUTOS = YES_AGGRESSIVE;
				GCC_WARN_UNUSED_FUNCTION = YES;
				GCC_WARN_UNUSED_VARIABLE = YES;
				IPHONEOS_DEPLOYMENT_TARGET = 16.4;
				MTL_ENABLE_DEBUG_INFO = INCLUDE_SOURCE;
				MTL_FAST_MATH = YES;
				ONLY_ACTIVE_ARCH = YES;
				SDKROOT = iphoneos;
				SWIFT_ACTIVE_COMPILATION_CONDITIONS = DEBUG;
				SWIFT_OPTIMIZATION_LEVEL = "-Onone";
			};
			name = Debug;
		};
		F07D64C12AB8266A000F1F0B /* Release */ = {
			isa = XCBuildConfiguration;
			buildSettings = {
				ALWAYS_SEARCH_USER_PATHS = NO;
				CLANG_ANALYZER_NONNULL = YES;
				CLANG_ANALYZER_NUMBER_OBJECT_CONVERSION = YES_AGGRESSIVE;
				CLANG_CXX_LANGUAGE_STANDARD = "gnu++20";
				CLANG_ENABLE_MODULES = YES;
				CLANG_ENABLE_OBJC_ARC = YES;
				CLANG_ENABLE_OBJC_WEAK = YES;
				CLANG_WARN_BLOCK_CAPTURE_AUTORELEASING = YES;
				CLANG_WARN_BOOL_CONVERSION = YES;
				CLANG_WARN_COMMA = YES;
				CLANG_WARN_CONSTANT_CONVERSION = YES;
				CLANG_WARN_DEPRECATED_OBJC_IMPLEMENTATIONS = YES;
				CLANG_WARN_DIRECT_OBJC_ISA_USAGE = YES_ERROR;
				CLANG_WARN_DOCUMENTATION_COMMENTS = YES;
				CLANG_WARN_EMPTY_BODY = YES;
				CLANG_WARN_ENUM_CONVERSION = YES;
				CLANG_WARN_INFINITE_RECURSION = YES;
				CLANG_WARN_INT_CONVERSION = YES;
				CLANG_WARN_NON_LITERAL_NULL_CONVERSION = YES;
				CLANG_WARN_OBJC_IMPLICIT_RETAIN_SELF = YES;
				CLANG_WARN_OBJC_LITERAL_CONVERSION = YES;
				CLANG_WARN_OBJC_ROOT_CLASS = YES_ERROR;
				CLANG_WARN_QUOTED_INCLUDE_IN_FRAMEWORK_HEADER = YES;
				CLANG_WARN_RANGE_LOOP_ANALYSIS = YES;
				CLANG_WARN_STRICT_PROTOTYPES = YES;
				CLANG_WARN_SUSPICIOUS_MOVE = YES;
				CLANG_WARN_UNGUARDED_AVAILABILITY = YES_AGGRESSIVE;
				CLANG_WARN_UNREACHABLE_CODE = YES;
				CLANG_WARN__DUPLICATE_METHOD_MATCH = YES;
				COPY_PHASE_STRIP = NO;
				DEBUG_INFORMATION_FORMAT = "dwarf-with-dsym";
				ENABLE_NS_ASSERTIONS = NO;
				ENABLE_STRICT_OBJC_MSGSEND = YES;
				GCC_C_LANGUAGE_STANDARD = gnu11;
				GCC_NO_COMMON_BLOCKS = YES;
				GCC_WARN_64_TO_32_BIT_CONVERSION = YES;
				GCC_WARN_ABOUT_RETURN_TYPE = YES_ERROR;
				GCC_WARN_UNDECLARED_SELECTOR = YES;
				GCC_WARN_UNINITIALIZED_AUTOS = YES_AGGRESSIVE;
				GCC_WARN_UNUSED_FUNCTION = YES;
				GCC_WARN_UNUSED_VARIABLE = YES;
				IPHONEOS_DEPLOYMENT_TARGET = 16.4;
				MTL_ENABLE_DEBUG_INFO = NO;
				MTL_FAST_MATH = YES;
				SDKROOT = iphoneos;
				SWIFT_COMPILATION_MODE = wholemodule;
				SWIFT_OPTIMIZATION_LEVEL = "-O";
				VALIDATE_PRODUCT = YES;
			};
			name = Release;
		};
		F07D64C32AB8266A000F1F0B /* Debug */ = {
			isa = XCBuildConfiguration;
			buildSettings = {
				ASSETCATALOG_COMPILER_APPICON_NAME = AppIcon;
				ASSETCATALOG_COMPILER_GLOBAL_ACCENT_COLOR_NAME = AccentColor;
				CODE_SIGN_STYLE = Automatic;
				CURRENT_PROJECT_VERSION = 1;
				DEVELOPMENT_TEAM = WL3THM7N6G;
				GENERATE_INFOPLIST_FILE = YES;
				INFOPLIST_FILE = "Byte Coin/Info.plist";
				INFOPLIST_KEY_UIApplicationSupportsIndirectInputEvents = YES;
				INFOPLIST_KEY_UILaunchStoryboardName = LaunchScreen;
				INFOPLIST_KEY_UIMainStoryboardFile = Main;
				INFOPLIST_KEY_UISupportedInterfaceOrientations_iPad = "UIInterfaceOrientationPortrait UIInterfaceOrientationPortraitUpsideDown UIInterfaceOrientationLandscapeLeft UIInterfaceOrientationLandscapeRight";
				INFOPLIST_KEY_UISupportedInterfaceOrientations_iPhone = "UIInterfaceOrientationPortrait UIInterfaceOrientationLandscapeLeft UIInterfaceOrientationLandscapeRight";
				IPHONEOS_DEPLOYMENT_TARGET = 15.0;
				LD_RUNPATH_SEARCH_PATHS = (
					"$(inherited)",
					"@executable_path/Frameworks",
				);
				MARKETING_VERSION = 1.0;
				PRODUCT_BUNDLE_IDENTIFIER = "com.subhosting.Byte-Coin";
				PRODUCT_NAME = "$(TARGET_NAME)";
				SUPPORTED_PLATFORMS = "iphoneos iphonesimulator";
				SUPPORTS_MACCATALYST = NO;
				SUPPORTS_MAC_DESIGNED_FOR_IPHONE_IPAD = NO;
				SWIFT_EMIT_LOC_STRINGS = YES;
				SWIFT_VERSION = 5.0;
				TARGETED_DEVICE_FAMILY = 1;
			};
			name = Debug;
		};
		F07D64C42AB8266A000F1F0B /* Release */ = {
			isa = XCBuildConfiguration;
			buildSettings = {
				ASSETCATALOG_COMPILER_APPICON_NAME = AppIcon;
				ASSETCATALOG_COMPILER_GLOBAL_ACCENT_COLOR_NAME = AccentColor;
				CODE_SIGN_STYLE = Automatic;
				CURRENT_PROJECT_VERSION = 1;
				DEVELOPMENT_TEAM = WL3THM7N6G;
				GENERATE_INFOPLIST_FILE = YES;
				INFOPLIST_FILE = "Byte Coin/Info.plist";
				INFOPLIST_KEY_UIApplicationSupportsIndirectInputEvents = YES;
				INFOPLIST_KEY_UILaunchStoryboardName = LaunchScreen;
				INFOPLIST_KEY_UIMainStoryboardFile = Main;
				INFOPLIST_KEY_UISupportedInterfaceOrientations_iPad = "UIInterfaceOrientationPortrait UIInterfaceOrientationPortraitUpsideDown UIInterfaceOrientationLandscapeLeft UIInterfaceOrientationLandscapeRight";
				INFOPLIST_KEY_UISupportedInterfaceOrientations_iPhone = "UIInterfaceOrientationPortrait UIInterfaceOrientationLandscapeLeft UIInterfaceOrientationLandscapeRight";
				IPHONEOS_DEPLOYMENT_TARGET = 15.0;
				LD_RUNPATH_SEARCH_PATHS = (
					"$(inherited)",
					"@executable_path/Frameworks",
				);
				MARKETING_VERSION = 1.0;
				PRODUCT_BUNDLE_IDENTIFIER = "com.subhosting.Byte-Coin";
				PRODUCT_NAME = "$(TARGET_NAME)";
				SUPPORTED_PLATFORMS = "iphoneos iphonesimulator";
				SUPPORTS_MACCATALYST = NO;
				SUPPORTS_MAC_DESIGNED_FOR_IPHONE_IPAD = NO;
				SWIFT_EMIT_LOC_STRINGS = YES;
				SWIFT_VERSION = 5.0;
				TARGETED_DEVICE_FAMILY = 1;
			};
			name = Release;
		};
/* End XCBuildConfiguration section */

/* Begin XCConfigurationList section */
		F07D64A92AB82669000F1F0B /* Build configuration list for PBXProject "Byte Coin" */ = {
			isa = XCConfigurationList;
			buildConfigurations = (
				F07D64C02AB8266A000F1F0B /* Debug */,
				F07D64C12AB8266A000F1F0B /* Release */,
			);
			defaultConfigurationIsVisible = 0;
			defaultConfigurationName = Release;
		};
		F07D64C22AB8266A000F1F0B /* Build configuration list for PBXNativeTarget "Byte Coin" */ = {
			isa = XCConfigurationList;
			buildConfigurations = (
				F07D64C32AB8266A000F1F0B /* Debug */,
				F07D64C42AB8266A000F1F0B /* Release */,
			);
			defaultConfigurationIsVisible = 0;
			defaultConfigurationName = Release;
		};
/* End XCConfigurationList section */
	};
	rootObject = F07D64A62AB82669000F1F0B /* Project object */;
}
